
Microsoft Visual Studio Solution File, Format Version 12.00
# Visual Studio Version 17
VisualStudioVersion = 17.7.34018.315
MinimumVisualStudioVersion = 10.0.40219.1
Project("{2150E333-8FDC-42A3-9474-1A3956D46DE8}") = "1 - API", "1 - API", "{14811BD4-96FC-4344-9287-927F4A4F4958}"
EndProject
Project("{2150E333-8FDC-42A3-9474-1A3956D46DE8}") = "2 - DTO", "2 - DTO", "{DA35F241-715E-4E7B-849F-53E6F66B374B}"
EndProject
Project("{2150E333-8FDC-42A3-9474-1A3956D46DE8}") = "3 - SERVICES", "3 - SERVICES", "{BA230394-AA08-4028-89DF-0C80DBF46D9B}"
EndProject
Project("{2150E333-8FDC-42A3-9474-1A3956D46DE8}") = "4 - DOMAIN", "4 - DOMAIN", "{918D8247-13AF-4A45-B93C-93657D6C3025}"
EndProject
Project("{2150E333-8FDC-42A3-9474-1A3956D46DE8}") = "5 - INFRA", "5 - INFRA", "{0E3102F6-5A73-474F-BD96-CB6FFA5D90F2}"
EndProject
Project("{9A19103F-16F7-4668-BE54-9A1E7A4F7556}") = "FIAPPOSTECH_FASE2.DOMAIN", "src\FIAPPOSTECH_FASE2.DOMAIN\FIAPPOSTECH_FASE2.DOMAIN.csproj", "{27AB1984-1140-41B1-994C-43F97D893133}"
EndProject
Project("{9A19103F-16F7-4668-BE54-9A1E7A4F7556}") = "FIAPPOSTECH_FASE2.Infra", "src\FIAPPOSTECH_FASE2.Infra\FIAPPOSTECH_FASE2.Infra.csproj", "{82FC6148-6249-42C4-8CF8-9E01B6B14211}"
EndProject
Project("{9A19103F-16F7-4668-BE54-9A1E7A4F7556}") = "FIAPPOSTECH_FASE2.API", "src\FIAPPOSTECH_FASE2.API\FIAPPOSTECH_FASE2.API.csproj", "{905A2FD2-F5A4-4213-845E-9F7142E7667B}"
EndProject
Project("{FAE04EC0-301F-11D3-BF4B-00C04F79EFBC}") = "FIAPPOSTECH_FASE2.DTO", "src\FIAPPOSTECH_FASE2.DTO\FIAPPOSTECH_FASE2.DTO.csproj", "{78ECE4A3-23B0-4FEA-BFE5-BACD35913F9E}"
EndProject
Global
	GlobalSection(SolutionConfigurationPlatforms) = preSolution
		Debug|Any CPU = Debug|Any CPU
		Release|Any CPU = Release|Any CPU
	EndGlobalSection
	GlobalSection(ProjectConfigurationPlatforms) = postSolution
		{27AB1984-1140-41B1-994C-43F97D893133}.Debug|Any CPU.ActiveCfg = Debug|Any CPU
		{27AB1984-1140-41B1-994C-43F97D893133}.Debug|Any CPU.Build.0 = Debug|Any CPU
		{27AB1984-1140-41B1-994C-43F97D893133}.Release|Any CPU.ActiveCfg = Release|Any CPU
		{27AB1984-1140-41B1-994C-43F97D893133}.Release|Any CPU.Build.0 = Release|Any CPU
		{82FC6148-6249-42C4-8CF8-9E01B6B14211}.Debug|Any CPU.ActiveCfg = Debug|Any CPU
		{82FC6148-6249-42C4-8CF8-9E01B6B14211}.Debug|Any CPU.Build.0 = Debug|Any CPU
		{82FC6148-6249-42C4-8CF8-9E01B6B14211}.Release|Any CPU.ActiveCfg = Release|Any CPU
		{82FC6148-6249-42C4-8CF8-9E01B6B14211}.Release|Any CPU.Build.0 = Release|Any CPU
		{905A2FD2-F5A4-4213-845E-9F7142E7667B}.Debug|Any CPU.ActiveCfg = Debug|Any CPU
		{905A2FD2-F5A4-4213-845E-9F7142E7667B}.Debug|Any CPU.Build.0 = Debug|Any CPU
		{905A2FD2-F5A4-4213-845E-9F7142E7667B}.Release|Any CPU.ActiveCfg = Release|Any CPU
		{905A2FD2-F5A4-4213-845E-9F7142E7667B}.Release|Any CPU.Build.0 = Release|Any CPU
		{78ECE4A3-23B0-4FEA-BFE5-BACD35913F9E}.Debug|Any CPU.ActiveCfg = Debug|Any CPU
		{78ECE4A3-23B0-4FEA-BFE5-BACD35913F9E}.Debug|Any CPU.Build.0 = Debug|Any CPU
		{78ECE4A3-23B0-4FEA-BFE5-BACD35913F9E}.Release|Any CPU.ActiveCfg = Release|Any CPU
		{78ECE4A3-23B0-4FEA-BFE5-BACD35913F9E}.Release|Any CPU.Build.0 = Release|Any CPU
	EndGlobalSection
	GlobalSection(SolutionProperties) = preSolution
		HideSolutionNode = FALSE
	EndGlobalSection
	GlobalSection(NestedProjects) = preSolution
		{27AB1984-1140-41B1-994C-43F97D893133} = {918D8247-13AF-4A45-B93C-93657D6C3025}
		{82FC6148-6249-42C4-8CF8-9E01B6B14211} = {0E3102F6-5A73-474F-BD96-CB6FFA5D90F2}
		{905A2FD2-F5A4-4213-845E-9F7142E7667B} = {14811BD4-96FC-4344-9287-927F4A4F4958}
		{78ECE4A3-23B0-4FEA-BFE5-BACD35913F9E} = {DA35F241-715E-4E7B-849F-53E6F66B374B}
	EndGlobalSection
	GlobalSection(ExtensibilityGlobals) = postSolution
		SolutionGuid = {9487B53C-DB88-4A3D-A262-BA4D9E4BD42F}
	EndGlobalSection
EndGlobal
